{
    "_meta": {
        "hash": {
            "sha256": "79cf4a02594dd00419505ab659557ba82992f006ff01f1b830d24088c8193bf4"
        },
        "pipfile-spec": 6,
        "requires": {
            "python_version": "3.12"
        },
        "sources": [
            {
                "name": "pypi",
                "url": "https://pypi.org/simple",
                "verify_ssl": true
            }
        ]
    },
    "default": {
        "ply": {
            "hashes": [
                "sha256:00c7c1aaa88358b9c765b6d3000c6eec0ba42abca5351b095321aef446081da3",
                "sha256:096f9b8350b65ebd2fd1346b12452efe5b9607f7482813ffca50c22722a807ce"
            ],
            "version": "==3.11"
        },
        "pyasn1": {
            "hashes": [
                "sha256:4439847c58d40b1d0a573d07e3856e95333f1976294494c325775aeca506eb58",
                "sha256:6d391a96e59b23130a5cfa74d6fd7f388dbbe26cc8f1edf39fdddf08d9d6676c"
            ],
            "markers": "python_version >= '2.7' and python_version not in '3.0, 3.1, 3.2, 3.3, 3.4, 3.5'",
            "version": "==0.5.1"
        },
        "pycryptodomex": {
            "hashes": [
                "sha256:0daad007b685db36d977f9de73f61f8da2a7104e20aca3effd30752fd56f73e1",
                "sha256:108e5f1c1cd70ffce0b68739c75734437c919d2eaec8e85bffc2c8b4d2794305",
                "sha256:19764605feea0df966445d46533729b645033f134baeb3ea26ad518c9fdf212c",
                "sha256:1be97461c439a6af4fe1cf8bf6ca5936d3db252737d2f379cc6b2e394e12a458",
                "sha256:25cd61e846aaab76d5791d006497134602a9e451e954833018161befc3b5b9ed",
                "sha256:2a47bcc478741b71273b917232f521fd5704ab4b25d301669879e7273d3586cc",
                "sha256:59af01efb011b0e8b686ba7758d59cf4a8263f9ad35911bfe3f416cee4f5c08c",
                "sha256:5dcac11031a71348faaed1f403a0debd56bf5404232284cf8c761ff918886ebc",
                "sha256:62a5ec91388984909bb5398ea49ee61b68ecb579123694bffa172c3b0a107079",
                "sha256:645bd4ca6f543685d643dadf6a856cc382b654cc923460e3a10a49c1b3832aeb",
                "sha256:653b29b0819605fe0898829c8ad6400a6ccde096146730c2da54eede9b7b8baa",
                "sha256:69138068268127cd605e03438312d8f271135a33140e2742b417d027a0539427",
                "sha256:6e186342cfcc3aafaad565cbd496060e5a614b441cacc3995ef0091115c1f6c5",
                "sha256:76bd15bb65c14900d98835fcd10f59e5e0435077431d3a394b60b15864fddd64",
                "sha256:7805830e0c56d88f4d491fa5ac640dfc894c5ec570d1ece6ed1546e9df2e98d6",
                "sha256:7a710b79baddd65b806402e14766c721aee8fb83381769c27920f26476276c1e",
                "sha256:7a7a8f33a1f1fb762ede6cc9cbab8f2a9ba13b196bfaf7bc6f0b39d2ba315a43",
                "sha256:82ee7696ed8eb9a82c7037f32ba9b7c59e51dda6f105b39f043b6ef293989cb3",
                "sha256:88afd7a3af7ddddd42c2deda43d53d3dfc016c11327d0915f90ca34ebda91499",
                "sha256:8af1a451ff9e123d0d8bd5d5e60f8e3315c3a64f3cdd6bc853e26090e195cdc8",
                "sha256:8ee606964553c1a0bc74057dd8782a37d1c2bc0f01b83193b6f8bb14523b877b",
                "sha256:91852d4480a4537d169c29a9d104dda44094c78f1f5b67bca76c29a91042b623",
                "sha256:9c682436c359b5ada67e882fec34689726a09c461efd75b6ea77b2403d5665b7",
                "sha256:bc3ee1b4d97081260d92ae813a83de4d2653206967c4a0a017580f8b9548ddbc",
                "sha256:bca649483d5ed251d06daf25957f802e44e6bb6df2e8f218ae71968ff8f8edc4",
                "sha256:c39778fd0548d78917b61f03c1fa8bfda6cfcf98c767decf360945fe6f97461e",
                "sha256:cbe71b6712429650e3883dc81286edb94c328ffcd24849accac0a4dbcc76958a",
                "sha256:d00fe8596e1cc46b44bf3907354e9377aa030ec4cd04afbbf6e899fc1e2a7781",
                "sha256:d3584623e68a5064a04748fb6d76117a21a7cb5eaba20608a41c7d0c61721794",
                "sha256:e48217c7901edd95f9f097feaa0388da215ed14ce2ece803d3f300b4e694abea",
                "sha256:f2e497413560e03421484189a6b65e33fe800d3bd75590e6d78d4dfdb7accf3b",
                "sha256:ff5c9a67f8a4fba4aed887216e32cbc48f2a6fb2673bb10a99e43be463e15913"
            ],
            "markers": "python_version >= '2.7' and python_version not in '3.0, 3.1, 3.2, 3.3, 3.4'",
            "version": "==3.20.0"
        },
        "pysmi": {
            "hashes": [
                "sha256:13d937620529468d34d525089abbd569f3b34dd808085d34586e63fbbda40fdb",
                "sha256:2ec6ebd41aaef562695e7d0058763c6e1e8c1fbf8710804c11ef3a857fc9cad7",
                "sha256:6e8524b80c6641bb9d81319e54bb0b75f47543e7d3bc7e8f12dcda960d7359c8",
                "sha256:7203220305bab6a20e2811fca927031440d3b1f9a4a1a5a2a12c033b911dc594",
                "sha256:817c572dc8262a4b2ccff34b27e42ee55e48f74be42d22308b637aa236ce1785",
                "sha256:887f34233d284a3298f67e2e01db0af8817f358501c724f02175ae53a1f4f106",
                "sha256:9d989714a8ad40253b1adbb410067c339b4c77ecd004daa071055e200fe9a798",
                "sha256:9fb837bb5662b11cce8d44e2dfff8604b97276ff9614aa74d5a33d1cea96d627",
                "sha256:abbd70efb8cf24d6c0bc782c996cd38f0c4905714edf8d03acbaa8ccd9c74eb7",
                "sha256:bd15a15020aee8376cab5be264c26330824a8b8164ed0195bd402dd59e4e8f7c",
                "sha256:d6688b6121b71f18ca19040bfd27feca5f7a502598de953ec09a8e3f06c36a4e",
                "sha256:e4dc8155ccf2b7eaf96aef4b31f7558ce1cf41b3bb27d0cbe341b3c157531088",
                "sha256:ed44154e5d247edfad09bbe24a398cec54b6c393df2fa5103cf59ccf9278855a"
            ],
            "version": "==0.3.4"
        },
        "pysnmp": {
            "hashes": [
                "sha256:0c3dbef2f958caca96071fe5c19de43e9c1b0484ab02a0cf08b190bcee768ba9",
                "sha256:13177be8030bbc751d94b1f844cb8d8c2d62844dfd86383576e20f09864427b2",
                "sha256:396b80187e6175481982b83f87d2de28c7068937d6772b5e2679cb56853bf7d7",
                "sha256:3fa5f96a47986658564fa5c4a75b9ea617397729028f2a40b88972139a3e67f7",
                "sha256:5459b70e849eb4d14bd4c8e475fc67bfa4cd6676fc53aa2f307194319ce77602",
                "sha256:578bb1dab0e67dfc583a61f721a9f6378c51b576ed6a90b229aefd60a9f965f6",
                "sha256:5e48994f48c5800022fff5d380976d88fcd27c17f1635ea4ef1d52796b1acd08",
                "sha256:8019dba728fbb5216645e1c1bd7bccaf25e938243d5dc7e28dbcc6ac029ff8b9",
                "sha256:89ef66e511a0f770ec9bc7df8bebe6bebb3a3dc3b7394b7d408e42f92f74458b",
                "sha256:c8d8a403e45a752daefed4635044b137c4390c68ffef54307e2390d8ac9e62e4",
                "sha256:ce2f260a41a107f08264a53c74940e0ad8ae7e35d9e10f33746716ac5c028592",
                "sha256:d90946c5d7c55b1ddc03e065a99a2ed36e748dcf166ca04ee4126b8f25fc057a",
                "sha256:e41b7dbd7e54030dd99a0780728bac3335f4d95c3f28f9b8df827f6075b8ccec"
            ],
            "index": "pypi",
            "version": "==4.4.12"
        }
    },
    "develop": {}
}
